{
  "name": "front",
  "version": "1.0.0",
  "lockfileVersion": 3,
  "requires": true,
  "packages": {
    "": {
      "name": "front",
      "version": "1.0.0",
      "license": "ISC",
      "dependencies": {
        "jquery": "^3.6.4",
        "scroll-behavior-polyfill": "^2.0.13",
        "smoothscroll-polyfill": "^0.4.4"
      }
    },
    "node_modules/jquery": {
      "version": "3.6.4",
      "resolved": "https://registry.npmjs.org/jquery/-/jquery-3.6.4.tgz",
      "integrity": "sha512-v28EW9DWDFpzcD9O5iyJXg3R3+q+mET5JhnjJzQUZMHOv67bpSIHq81GEYpPNZHG+XXHsfSme3nxp/hndKEcsQ=="
    },
    "node_modules/scroll-behavior-polyfill": {
      "version": "2.0.13",
      "resolved": "https://registry.npmjs.org/scroll-behavior-polyfill/-/scroll-behavior-polyfill-2.0.13.tgz",
      "integrity": "sha512-X1AC6+k0++Y3XOT8Likr5Dh4XMmwvbTolr3Mp2g1jYPpOQ3++wff/JPfPEK6zqPCkZ88Ac0/OMRW/Uwh16U+HQ==",
      "engines": {
        "node": ">=4.0.0"
      }
    },
    "node_modules/smoothscroll-polyfill": {
      "version": "0.4.4",
      "resolved": "https://registry.npmjs.org/smoothscroll-polyfill/-/smoothscroll-polyfill-0.4.4.tgz",
      "integrity": "sha512-TK5ZA9U5RqCwMpfoMq/l1mrH0JAR7y7KRvOBx0n2869aLxch+gT9GhN3yUfjiw+d/DiF1mKo14+hd62JyMmoBg=="
    }
  }
}
